// !$*UTF8*$!
{
	archiveVersion = 1;
	classes = {
	};
	objectVersion = 56;
	objects = {

/* Begin PBXBuildFile section */
		320F4D8F2C85B551001DA7B7 /* DetailViewController.swift in Sources */ = {isa = PBXBuildFile; fileRef = 320F4D8E2C85B551001DA7B7 /* DetailViewController.swift */; };
		320F4D912C85B5CE001DA7B7 /* ListModuleBulder.swift in Sources */ = {isa = PBXBuildFile; fileRef = 320F4D902C85B5CE001DA7B7 /* ListModuleBulder.swift */; };
		320F4D932C85B5E3001DA7B7 /* ListPresenter.swift in Sources */ = {isa = PBXBuildFile; fileRef = 320F4D922C85B5E3001DA7B7 /* ListPresenter.swift */; };
		320F4D952C85B5F0001DA7B7 /* ListRouter.swift in Sources */ = {isa = PBXBuildFile; fileRef = 320F4D942C85B5F0001DA7B7 /* ListRouter.swift */; };
		320F4D972C85B605001DA7B7 /* ListInteractor.swift in Sources */ = {isa = PBXBuildFile; fileRef = 320F4D962C85B605001DA7B7 /* ListInteractor.swift */; };
		320F4D9A2C85BB1E001DA7B7 /* ListItemCell.swift in Sources */ = {isa = PBXBuildFile; fileRef = 320F4D992C85BB1E001DA7B7 /* ListItemCell.swift */; };
		320F4D9D2C85BC0E001DA7B7 /* String+Ext.swift in Sources */ = {isa = PBXBuildFile; fileRef = 320F4D9C2C85BC0E001DA7B7 /* String+Ext.swift */; };
		320F4DA02C85BC42001DA7B7 /* Localizable.strings in Resources */ = {isa = PBXBuildFile; fileRef = 320F4D9E2C85BC42001DA7B7 /* Localizable.strings */; };
		320F4DA62C85BEC5001DA7B7 /* Font+Ext.swift in Sources */ = {isa = PBXBuildFile; fileRef = 320F4DA52C85BEC5001DA7B7 /* Font+Ext.swift */; };
		320F4DA82C85BF34001DA7B7 /* Color+Ext.swift in Sources */ = {isa = PBXBuildFile; fileRef = 320F4DA72C85BF34001DA7B7 /* Color+Ext.swift */; };
		320F52FA2C85A14D009E511E /* AppDelegate.swift in Sources */ = {isa = PBXBuildFile; fileRef = 320F52F92C85A14D009E511E /* AppDelegate.swift */; };
		320F52FC2C85A14D009E511E /* SceneDelegate.swift in Sources */ = {isa = PBXBuildFile; fileRef = 320F52FB2C85A14D009E511E /* SceneDelegate.swift */; };
		320F52FE2C85A14D009E511E /* ListViewController.swift in Sources */ = {isa = PBXBuildFile; fileRef = 320F52FD2C85A14D009E511E /* ListViewController.swift */; };
		320F53032C85A14E009E511E /* Assets.xcassets in Resources */ = {isa = PBXBuildFile; fileRef = 320F53022C85A14E009E511E /* Assets.xcassets */; };
		320F53062C85A14E009E511E /* Base in Resources */ = {isa = PBXBuildFile; fileRef = 320F53052C85A14E009E511E /* Base */; };
/* End PBXBuildFile section */

/* Begin PBXFileReference section */
		320F4D8E2C85B551001DA7B7 /* DetailViewController.swift */ = {isa = PBXFileReference; lastKnownFileType = sourcecode.swift; path = DetailViewController.swift; sourceTree = "<group>"; };
		320F4D902C85B5CE001DA7B7 /* ListModuleBulder.swift */ = {isa = PBXFileReference; lastKnownFileType = sourcecode.swift; path = ListModuleBulder.swift; sourceTree = "<group>"; };
		320F4D922C85B5E3001DA7B7 /* ListPresenter.swift */ = {isa = PBXFileReference; lastKnownFileType = sourcecode.swift; path = ListPresenter.swift; sourceTree = "<group>"; };
		320F4D942C85B5F0001DA7B7 /* ListRouter.swift */ = {isa = PBXFileReference; lastKnownFileType = sourcecode.swift; path = ListRouter.swift; sourceTree = "<group>"; };
		320F4D962C85B605001DA7B7 /* ListInteractor.swift */ = {isa = PBXFileReference; lastKnownFileType = sourcecode.swift; path = ListInteractor.swift; sourceTree = "<group>"; };
		320F4D992C85BB1E001DA7B7 /* ListItemCell.swift */ = {isa = PBXFileReference; lastKnownFileType = sourcecode.swift; path = ListItemCell.swift; sourceTree = "<group>"; };
		320F4D9C2C85BC0E001DA7B7 /* String+Ext.swift */ = {isa = PBXFileReference; lastKnownFileType = sourcecode.swift; path = "String+Ext.swift"; sourceTree = "<group>"; };
		320F4D9F2C85BC42001DA7B7 /* en */ = {isa = PBXFileReference; lastKnownFileType = text.plist.strings; name = en; path = en.lproj/Localizable.strings; sourceTree = "<group>"; };
		320F4DA12C85BD44001DA7B7 /* ru */ = {isa = PBXFileReference; lastKnownFileType = text.plist.strings; name = ru; path = ru.lproj/LaunchScreen.strings; sourceTree = "<group>"; };
		320F4DA22C85BD44001DA7B7 /* ru */ = {isa = PBXFileReference; lastKnownFileType = text.plist.strings; name = ru; path = ru.lproj/Localizable.strings; sourceTree = "<group>"; };
		320F4DA52C85BEC5001DA7B7 /* Font+Ext.swift */ = {isa = PBXFileReference; lastKnownFileType = sourcecode.swift; path = "Font+Ext.swift"; sourceTree = "<group>"; };
		320F4DA72C85BF34001DA7B7 /* Color+Ext.swift */ = {isa = PBXFileReference; lastKnownFileType = sourcecode.swift; path = "Color+Ext.swift"; sourceTree = "<group>"; };
		320F52F62C85A14D009E511E /* ToDoListApp.app */ = {isa = PBXFileReference; explicitFileType = wrapper.application; includeInIndex = 0; path = ToDoListApp.app; sourceTree = BUILT_PRODUCTS_DIR; };
		320F52F92C85A14D009E511E /* AppDelegate.swift */ = {isa = PBXFileReference; lastKnownFileType = sourcecode.swift; path = AppDelegate.swift; sourceTree = "<group>"; };
		320F52FB2C85A14D009E511E /* SceneDelegate.swift */ = {isa = PBXFileReference; lastKnownFileType = sourcecode.swift; path = SceneDelegate.swift; sourceTree = "<group>"; };
		320F52FD2C85A14D009E511E /* ListViewController.swift */ = {isa = PBXFileReference; lastKnownFileType = sourcecode.swift; path = ListViewController.swift; sourceTree = "<group>"; };
		320F53022C85A14E009E511E /* Assets.xcassets */ = {isa = PBXFileReference; lastKnownFileType = folder.assetcatalog; path = Assets.xcassets; sourceTree = "<group>"; };
		320F53052C85A14E009E511E /* Base */ = {isa = PBXFileReference; lastKnownFileType = file.storyboard; name = Base; path = Base.lproj/LaunchScreen.storyboard; sourceTree = "<group>"; };
		320F53072C85A14E009E511E /* Info.plist */ = {isa = PBXFileReference; lastKnownFileType = text.plist.xml; path = Info.plist; sourceTree = "<group>"; };
/* End PBXFileReference section */

/* Begin PBXFrameworksBuildPhase section */
		320F52F32C85A14D009E511E /* Frameworks */ = {
			isa = PBXFrameworksBuildPhase;
			buildActionMask = 2147483647;
			files = (
			);
			runOnlyForDeploymentPostprocessing = 0;
		};
/* End PBXFrameworksBuildPhase section */

/* Begin PBXGroup section */
		320F4D8B2C85B43F001DA7B7 /* Application */ = {
			isa = PBXGroup;
			children = (
				320F52FB2C85A14D009E511E /* SceneDelegate.swift */,
				320F52F92C85A14D009E511E /* AppDelegate.swift */,
			);
			path = Application;
			sourceTree = "<group>";
		};
		320F4D8C2C85B4AB001DA7B7 /* List */ = {
			isa = PBXGroup;
			children = (
				320F4D982C85BB0A001DA7B7 /* Components */,
				320F52FD2C85A14D009E511E /* ListViewController.swift */,
				320F4D902C85B5CE001DA7B7 /* ListModuleBulder.swift */,
				320F4D922C85B5E3001DA7B7 /* ListPresenter.swift */,
				320F4D942C85B5F0001DA7B7 /* ListRouter.swift */,
				320F4D962C85B605001DA7B7 /* ListInteractor.swift */,
			);
			path = List;
			sourceTree = "<group>";
		};
		320F4D8D2C85B4BB001DA7B7 /* Detail */ = {
			isa = PBXGroup;
			children = (
				320F4D8E2C85B551001DA7B7 /* DetailViewController.swift */,
			);
			path = Detail;
			sourceTree = "<group>";
		};
		320F4D982C85BB0A001DA7B7 /* Components */ = {
			isa = PBXGroup;
			children = (
				320F4D992C85BB1E001DA7B7 /* ListItemCell.swift */,
			);
			path = Components;
			sourceTree = "<group>";
		};
		320F4D9B2C85BBD4001DA7B7 /* Extensions */ = {
			isa = PBXGroup;
			children = (
				320F4D9C2C85BC0E001DA7B7 /* String+Ext.swift */,
				320F4DA52C85BEC5001DA7B7 /* Font+Ext.swift */,
				320F4DA72C85BF34001DA7B7 /* Color+Ext.swift */,
			);
			path = Extensions;
			sourceTree = "<group>";
		};
		320F52ED2C85A14D009E511E = {
			isa = PBXGroup;
			children = (
				320F52F82C85A14D009E511E /* ToDoListApp */,
				320F52F72C85A14D009E511E /* Products */,
			);
			sourceTree = "<group>";
		};
		320F52F72C85A14D009E511E /* Products */ = {
			isa = PBXGroup;
			children = (
				320F52F62C85A14D009E511E /* ToDoListApp.app */,
			);
			name = Products;
			sourceTree = "<group>";
		};
		320F52F82C85A14D009E511E /* ToDoListApp */ = {
			isa = PBXGroup;
			children = (
				320F4D9B2C85BBD4001DA7B7 /* Extensions */,
				320F4D8D2C85B4BB001DA7B7 /* Detail */,
				320F4D8C2C85B4AB001DA7B7 /* List */,
				320F4D8B2C85B43F001DA7B7 /* Application */,
				320F530D2C85B1B4009E511E /* Resources */,
			);
			path = ToDoListApp;
			sourceTree = "<group>";
		};
		320F530D2C85B1B4009E511E /* Resources */ = {
			isa = PBXGroup;
			children = (
				320F53072C85A14E009E511E /* Info.plist */,
				320F53042C85A14E009E511E /* LaunchScreen.storyboard */,
				320F53022C85A14E009E511E /* Assets.xcassets */,
				320F4D9E2C85BC42001DA7B7 /* Localizable.strings */,
			);
			path = Resources;
			sourceTree = "<group>";
		};
/* End PBXGroup section */

/* Begin PBXNativeTarget section */
		320F52F52C85A14D009E511E /* ToDoListApp */ = {
			isa = PBXNativeTarget;
			buildConfigurationList = 320F530A2C85A14E009E511E /* Build configuration list for PBXNativeTarget "ToDoListApp" */;
			buildPhases = (
				320F52F22C85A14D009E511E /* Sources */,
				320F52F32C85A14D009E511E /* Frameworks */,
				320F52F42C85A14D009E511E /* Resources */,
			);
			buildRules = (
			);
			dependencies = (
			);
			name = ToDoListApp;
			productName = ToDoListApp;
			productReference = 320F52F62C85A14D009E511E /* ToDoListApp.app */;
			productType = "com.apple.product-type.application";
		};
/* End PBXNativeTarget section */

/* Begin PBXProject section */
		320F52EE2C85A14D009E511E /* Project object */ = {
			isa = PBXProject;
			attributes = {
				BuildIndependentTargetsInParallel = 1;
				LastSwiftUpdateCheck = 1540;
				LastUpgradeCheck = 1540;
				TargetAttributes = {
					320F52F52C85A14D009E511E = {
						CreatedOnToolsVersion = 15.4;
					};
				};
			};
			buildConfigurationList = 320F52F12C85A14D009E511E /* Build configuration list for PBXProject "ToDoListApp" */;
			compatibilityVersion = "Xcode 14.0";
			developmentRegion = en;
			hasScannedForEncodings = 0;
			knownRegions = (
				en,
				Base,
				ru,
			);
			mainGroup = 320F52ED2C85A14D009E511E;
			productRefGroup = 320F52F72C85A14D009E511E /* Products */;
			projectDirPath = "";
			projectRoot = "";
			targets = (
				320F52F52C85A14D009E511E /* ToDoListApp */,
			);
		};
/* End PBXProject section */

/* Begin PBXResourcesBuildPhase section */
		320F52F42C85A14D009E511E /* Resources */ = {
			isa = PBXResourcesBuildPhase;
			buildActionMask = 2147483647;
			files = (
				320F53032C85A14E009E511E /* Assets.xcassets in Resources */,
				320F4DA02C85BC42001DA7B7 /* Localizable.strings in Resources */,
				320F53062C85A14E009E511E /* Base in Resources */,
			);
			runOnlyForDeploymentPostprocessing = 0;
		};
/* End PBXResourcesBuildPhase section */

/* Begin PBXSourcesBuildPhase section */
		320F52F22C85A14D009E511E /* Sources */ = {
			isa = PBXSourcesBuildPhase;
			buildActionMask = 2147483647;
			files = (
				320F52FE2C85A14D009E511E /* ListViewController.swift in Sources */,
				320F4D952C85B5F0001DA7B7 /* ListRouter.swift in Sources */,
				320F4D912C85B5CE001DA7B7 /* ListModuleBulder.swift in Sources */,
				320F52FA2C85A14D009E511E /* AppDelegate.swift in Sources */,
				320F4DA62C85BEC5001DA7B7 /* Font+Ext.swift in Sources */,
				320F4DA82C85BF34001DA7B7 /* Color+Ext.swift in Sources */,
				320F4D8F2C85B551001DA7B7 /* DetailViewController.swift in Sources */,
				320F4D932C85B5E3001DA7B7 /* ListPresenter.swift in Sources */,
				320F4D972C85B605001DA7B7 /* ListInteractor.swift in Sources */,
				320F52FC2C85A14D009E511E /* SceneDelegate.swift in Sources */,
				320F4D9D2C85BC0E001DA7B7 /* String+Ext.swift in Sources */,
				320F4D9A2C85BB1E001DA7B7 /* ListItemCell.swift in Sources */,
			);
			runOnlyForDeploymentPostprocessing = 0;
		};
/* End PBXSourcesBuildPhase section */

/* Begin PBXVariantGroup section */
		320F4D9E2C85BC42001DA7B7 /* Localizable.strings */ = {
			isa = PBXVariantGroup;
			children = (
				320F4D9F2C85BC42001DA7B7 /* en */,
				320F4DA22C85BD44001DA7B7 /* ru */,
			);
			name = Localizable.strings;
			sourceTree = "<group>";
		};
		320F53042C85A14E009E511E /* LaunchScreen.storyboard */ = {
			isa = PBXVariantGroup;
			children = (
				320F53052C85A14E009E511E /* Base */,
				320F4DA12C85BD44001DA7B7 /* ru */,
			);
			name = LaunchScreen.storyboard;
			sourceTree = "<group>";
		};
/* End PBXVariantGroup section */

/* Begin XCBuildConfiguration section */
		320F53082C85A14E009E511E /* Debug */ = {
			isa = XCBuildConfiguration;
			buildSettings = {
				ALWAYS_SEARCH_USER_PATHS = NO;
				ASSETCATALOG_COMPILER_GENERATE_SWIFT_ASSET_SYMBOL_EXTENSIONS = YES;
				CLANG_ANALYZER_LOCALIZABILITY_NONLOCALIZED = YES;
				CLANG_ANALYZER_NONNULL = YES;
				CLANG_ANALYZER_NUMBER_OBJECT_CONVERSION = YES_AGGRESSIVE;
				CLANG_CXX_LANGUAGE_STANDARD = "gnu++20";
				CLANG_ENABLE_MODULES = YES;
				CLANG_ENABLE_OBJC_ARC = YES;
				CLANG_ENABLE_OBJC_WEAK = YES;
				CLANG_WARN_BLOCK_CAPTURE_AUTORELEASING = YES;
				CLANG_WARN_BOOL_CONVERSION = YES;
				CLANG_WARN_COMMA = YES;
				CLANG_WARN_CONSTANT_CONVERSION = YES;
				CLANG_WARN_DEPRECATED_OBJC_IMPLEMENTATIONS = YES;
				CLANG_WARN_DIRECT_OBJC_ISA_USAGE = YES_ERROR;
				CLANG_WARN_DOCUMENTATION_COMMENTS = YES;
				CLANG_WARN_EMPTY_BODY = YES;
				CLANG_WARN_ENUM_CONVERSION = YES;
				CLANG_WARN_INFINITE_RECURSION = YES;
				CLANG_WARN_INT_CONVERSION = YES;
				CLANG_WARN_NON_LITERAL_NULL_CONVERSION = YES;
				CLANG_WARN_OBJC_IMPLICIT_RETAIN_SELF = YES;
				CLANG_WARN_OBJC_LITERAL_CONVERSION = YES;
				CLANG_WARN_OBJC_ROOT_CLASS = YES_ERROR;
				CLANG_WARN_QUOTED_INCLUDE_IN_FRAMEWORK_HEADER = YES;
				CLANG_WARN_RANGE_LOOP_ANALYSIS = YES;
				CLANG_WARN_STRICT_PROTOTYPES = YES;
				CLANG_WARN_SUSPICIOUS_MOVE = YES;
				CLANG_WARN_UNGUARDED_AVAILABILITY = YES_AGGRESSIVE;
				CLANG_WARN_UNREACHABLE_CODE = YES;
				CLANG_WARN__DUPLICATE_METHOD_MATCH = YES;
				COPY_PHASE_STRIP = NO;
				DEBUG_INFORMATION_FORMAT = dwarf;
				ENABLE_STRICT_OBJC_MSGSEND = YES;
				ENABLE_TESTABILITY = YES;
				ENABLE_USER_SCRIPT_SANDBOXING = YES;
				GCC_C_LANGUAGE_STANDARD = gnu17;
				GCC_DYNAMIC_NO_PIC = NO;
				GCC_NO_COMMON_BLOCKS = YES;
				GCC_OPTIMIZATION_LEVEL = 0;
				GCC_PREPROCESSOR_DEFINITIONS = (
					"DEBUG=1",
					"$(inherited)",
				);
				GCC_WARN_64_TO_32_BIT_CONVERSION = YES;
				GCC_WARN_ABOUT_RETURN_TYPE = YES_ERROR;
				GCC_WARN_UNDECLARED_SELECTOR = YES;
				GCC_WARN_UNINITIALIZED_AUTOS = YES_AGGRESSIVE;
				GCC_WARN_UNUSED_FUNCTION = YES;
				GCC_WARN_UNUSED_VARIABLE = YES;
				INFOPLIST_FILE = ToDoListApp/Resources/Info.plist;
				IPHONEOS_DEPLOYMENT_TARGET = 16.0;
				LOCALIZATION_PREFERS_STRING_CATALOGS = YES;
				MTL_ENABLE_DEBUG_INFO = INCLUDE_SOURCE;
				MTL_FAST_MATH = YES;
				ONLY_ACTIVE_ARCH = YES;
				SDKROOT = iphoneos;
				SWIFT_ACTIVE_COMPILATION_CONDITIONS = "DEBUG $(inherited)";
				SWIFT_OPTIMIZATION_LEVEL = "-Onone";
			};
			name = Debug;
		};
		320F53092C85A14E009E511E /* Release */ = {
			isa = XCBuildConfiguration;
			buildSettings = {
				ALWAYS_SEARCH_USER_PATHS = NO;
				ASSETCATALOG_COMPILER_GENERATE_SWIFT_ASSET_SYMBOL_EXTENSIONS = YES;
				CLANG_ANALYZER_LOCALIZABILITY_NONLOCALIZED = YES;
				CLANG_ANALYZER_NONNULL = YES;
				CLANG_ANALYZER_NUMBER_OBJECT_CONVERSION = YES_AGGRESSIVE;
				CLANG_CXX_LANGUAGE_STANDARD = "gnu++20";
				CLANG_ENABLE_MODULES = YES;
				CLANG_ENABLE_OBJC_ARC = YES;
				CLANG_ENABLE_OBJC_WEAK = YES;
				CLANG_WARN_BLOCK_CAPTURE_AUTORELEASING = YES;
				CLANG_WARN_BOOL_CONVERSION = YES;
				CLANG_WARN_COMMA = YES;
				CLANG_WARN_CONSTANT_CONVERSION = YES;
				CLANG_WARN_DEPRECATED_OBJC_IMPLEMENTATIONS = YES;
				CLANG_WARN_DIRECT_OBJC_ISA_USAGE = YES_ERROR;
				CLANG_WARN_DOCUMENTATION_COMMENTS = YES;
				CLANG_WARN_EMPTY_BODY = YES;
				CLANG_WARN_ENUM_CONVERSION = YES;
				CLANG_WARN_INFINITE_RECURSION = YES;
				CLANG_WARN_INT_CONVERSION = YES;
				CLANG_WARN_NON_LITERAL_NULL_CONVERSION = YES;
				CLANG_WARN_OBJC_IMPLICIT_RETAIN_SELF = YES;
				CLANG_WARN_OBJC_LITERAL_CONVERSION = YES;
				CLANG_WARN_OBJC_ROOT_CLASS = YES_ERROR;
				CLANG_WARN_QUOTED_INCLUDE_IN_FRAMEWORK_HEADER = YES;
				CLANG_WARN_RANGE_LOOP_ANALYSIS = YES;
				CLANG_WARN_STRICT_PROTOTYPES = YES;
				CLANG_WARN_SUSPICIOUS_MOVE = YES;
				CLANG_WARN_UNGUARDED_AVAILABILITY = YES_AGGRESSIVE;
				CLANG_WARN_UNREACHABLE_CODE = YES;
				CLANG_WARN__DUPLICATE_METHOD_MATCH = YES;
				COPY_PHASE_STRIP = NO;
				DEBUG_INFORMATION_FORMAT = "dwarf-with-dsym";
				ENABLE_NS_ASSERTIONS = NO;
				ENABLE_STRICT_OBJC_MSGSEND = YES;
				ENABLE_USER_SCRIPT_SANDBOXING = YES;
				GCC_C_LANGUAGE_STANDARD = gnu17;
				GCC_NO_COMMON_BLOCKS = YES;
				GCC_WARN_64_TO_32_BIT_CONVERSION = YES;
				GCC_WARN_ABOUT_RETURN_TYPE = YES_ERROR;
				GCC_WARN_UNDECLARED_SELECTOR = YES;
				GCC_WARN_UNINITIALIZED_AUTOS = YES_AGGRESSIVE;
				GCC_WARN_UNUSED_FUNCTION = YES;
				GCC_WARN_UNUSED_VARIABLE = YES;
				INFOPLIST_FILE = ToDoListApp/Resources/Info.plist;
				IPHONEOS_DEPLOYMENT_TARGET = 16.0;
				LOCALIZATION_PREFERS_STRING_CATALOGS = YES;
				MTL_ENABLE_DEBUG_INFO = NO;
				MTL_FAST_MATH = YES;
				SDKROOT = iphoneos;
				SWIFT_COMPILATION_MODE = wholemodule;
				VALIDATE_PRODUCT = YES;
			};
			name = Release;
		};
		320F530B2C85A14E009E511E /* Debug */ = {
			isa = XCBuildConfiguration;
			buildSettings = {
				ASSETCATALOG_COMPILER_APPICON_NAME = AppIcon;
				ASSETCATALOG_COMPILER_GLOBAL_ACCENT_COLOR_NAME = AccentColor;
				CODE_SIGN_STYLE = Automatic;
				CURRENT_PROJECT_VERSION = 1;
				DEVELOPMENT_TEAM = KUYRA3PMPA;
				GENERATE_INFOPLIST_FILE = YES;
				INFOPLIST_FILE = ToDoListApp/Resources/Info.plist;
				INFOPLIST_KEY_UIApplicationSupportsIndirectInputEvents = YES;
				INFOPLIST_KEY_UILaunchStoryboardName = LaunchScreen;
				INFOPLIST_KEY_UISupportedInterfaceOrientations_iPad = "UIInterfaceOrientationPortrait UIInterfaceOrientationPortraitUpsideDown UIInterfaceOrientationLandscapeLeft UIInterfaceOrientationLandscapeRight";
				INFOPLIST_KEY_UISupportedInterfaceOrientations_iPhone = "UIInterfaceOrientationPortrait UIInterfaceOrientationLandscapeLeft UIInterfaceOrientationLandscapeRight";
				IPHONEOS_DEPLOYMENT_TARGET = 16.0;
				LD_RUNPATH_SEARCH_PATHS = (
					"$(inherited)",
					"@executable_path/Frameworks",
				);
				MARKETING_VERSION = 1.0;
				PRODUCT_BUNDLE_IDENTIFIER = "Viktoria-Lobanova.ToDoListApp";
				PRODUCT_NAME = "$(TARGET_NAME)";
				SUPPORTED_PLATFORMS = "iphoneos iphonesimulator";
				SUPPORTS_MACCATALYST = NO;
				SUPPORTS_MAC_DESIGNED_FOR_IPHONE_IPAD = NO;
				SUPPORTS_XR_DESIGNED_FOR_IPHONE_IPAD = NO;
				SWIFT_EMIT_LOC_STRINGS = YES;
				SWIFT_VERSION = 5.0;
				TARGETED_DEVICE_FAMILY = 1;
			};
			name = Debug;
		};
		320F530C2C85A14E009E511E /* Release */ = {
			isa = XCBuildConfiguration;
			buildSettings = {
				ASSETCATALOG_COMPILER_APPICON_NAME = AppIcon;
				ASSETCATALOG_COMPILER_GLOBAL_ACCENT_COLOR_NAME = AccentColor;
				CODE_SIGN_STYLE = Automatic;
				CURRENT_PROJECT_VERSION = 1;
				DEVELOPMENT_TEAM = KUYRA3PMPA;
				GENERATE_INFOPLIST_FILE = YES;
				INFOPLIST_FILE = ToDoListApp/Resources/Info.plist;
				INFOPLIST_KEY_UIApplicationSupportsIndirectInputEvents = YES;
				INFOPLIST_KEY_UILaunchStoryboardName = LaunchScreen;
				INFOPLIST_KEY_UISupportedInterfaceOrientations_iPad = "UIInterfaceOrientationPortrait UIInterfaceOrientationPortraitUpsideDown UIInterfaceOrientationLandscapeLeft UIInterfaceOrientationLandscapeRight";
				INFOPLIST_KEY_UISupportedInterfaceOrientations_iPhone = "UIInterfaceOrientationPortrait UIInterfaceOrientationLandscapeLeft UIInterfaceOrientationLandscapeRight";
				IPHONEOS_DEPLOYMENT_TARGET = 16.0;
				LD_RUNPATH_SEARCH_PATHS = (
					"$(inherited)",
					"@executable_path/Frameworks",
				);
				MARKETING_VERSION = 1.0;
				PRODUCT_BUNDLE_IDENTIFIER = "Viktoria-Lobanova.ToDoListApp";
				PRODUCT_NAME = "$(TARGET_NAME)";
				SUPPORTED_PLATFORMS = "iphoneos iphonesimulator";
				SUPPORTS_MACCATALYST = NO;
				SUPPORTS_MAC_DESIGNED_FOR_IPHONE_IPAD = NO;
				SUPPORTS_XR_DESIGNED_FOR_IPHONE_IPAD = NO;
				SWIFT_EMIT_LOC_STRINGS = YES;
				SWIFT_VERSION = 5.0;
				TARGETED_DEVICE_FAMILY = 1;
			};
			name = Release;
		};
/* End XCBuildConfiguration section */

/* Begin XCConfigurationList section */
		320F52F12C85A14D009E511E /* Build configuration list for PBXProject "ToDoListApp" */ = {
			isa = XCConfigurationList;
			buildConfigurations = (
				320F53082C85A14E009E511E /* Debug */,
				320F53092C85A14E009E511E /* Release */,
			);
			defaultConfigurationIsVisible = 0;
			defaultConfigurationName = Release;
		};
		320F530A2C85A14E009E511E /* Build configuration list for PBXNativeTarget "ToDoListApp" */ = {
			isa = XCConfigurationList;
			buildConfigurations = (
				320F530B2C85A14E009E511E /* Debug */,
				320F530C2C85A14E009E511E /* Release */,
			);
			defaultConfigurationIsVisible = 0;
			defaultConfigurationName = Release;
		};
/* End XCConfigurationList section */
	};
	rootObject = 320F52EE2C85A14D009E511E /* Project object */;
}
